// !$*UTF8*$!
{
	archiveVersion = 1;
	classes = {
	};
	objectVersion = 56;
	objects = {

/* Begin PBXBuildFile section */
		FC67B2732B16A583001F1233 /* PresentationHandler.swift in Sources */ = {isa = PBXBuildFile; fileRef = FC67B2722B16A583001F1233 /* PresentationHandler.swift */; };
		FC67B2752B16A59E001F1233 /* DismissalHandler.swift in Sources */ = {isa = PBXBuildFile; fileRef = FC67B2742B16A59E001F1233 /* DismissalHandler.swift */; };
		FCD3A20E2B15D7CD00B25595 /* AppDelegate.swift in Sources */ = {isa = PBXBuildFile; fileRef = FCD3A20D2B15D7CD00B25595 /* AppDelegate.swift */; };
		FCD3A2102B15D7CD00B25595 /* SceneDelegate.swift in Sources */ = {isa = PBXBuildFile; fileRef = FCD3A20F2B15D7CD00B25595 /* SceneDelegate.swift */; };
		FCD3A2122B15D7CD00B25595 /* FromViewController.swift in Sources */ = {isa = PBXBuildFile; fileRef = FCD3A2112B15D7CD00B25595 /* FromViewController.swift */; };
		FCD3A2182B15D7CD00B25595 /* CustomTransition.xcdatamodeld in Sources */ = {isa = PBXBuildFile; fileRef = FCD3A2162B15D7CD00B25595 /* CustomTransition.xcdatamodeld */; };
		FCD3A21A2B15D7CE00B25595 /* Assets.xcassets in Resources */ = {isa = PBXBuildFile; fileRef = FCD3A2192B15D7CE00B25595 /* Assets.xcassets */; };
		FCD3A21D2B15D7CE00B25595 /* LaunchScreen.storyboard in Resources */ = {isa = PBXBuildFile; fileRef = FCD3A21B2B15D7CE00B25595 /* LaunchScreen.storyboard */; };
		FCD3A2282B15D7CE00B25595 /* CustomTransitionTests.swift in Sources */ = {isa = PBXBuildFile; fileRef = FCD3A2272B15D7CE00B25595 /* CustomTransitionTests.swift */; };
		FCD3A2322B15D7CE00B25595 /* CustomTransitionUITests.swift in Sources */ = {isa = PBXBuildFile; fileRef = FCD3A2312B15D7CE00B25595 /* CustomTransitionUITests.swift */; };
		FCD3A2342B15D7CE00B25595 /* CustomTransitionUITestsLaunchTests.swift in Sources */ = {isa = PBXBuildFile; fileRef = FCD3A2332B15D7CE00B25595 /* CustomTransitionUITestsLaunchTests.swift */; };
		FCD3A2412B15D81900B25595 /* ToViewController.swift in Sources */ = {isa = PBXBuildFile; fileRef = FCD3A2402B15D81900B25595 /* ToViewController.swift */; };
		FCD3A2432B15DAEF00B25595 /* TransitioningManager.swift in Sources */ = {isa = PBXBuildFile; fileRef = FCD3A2422B15DAEF00B25595 /* TransitioningManager.swift */; };
/* End PBXBuildFile section */

/* Begin PBXContainerItemProxy section */
		FCD3A2242B15D7CE00B25595 /* PBXContainerItemProxy */ = {
			isa = PBXContainerItemProxy;
			containerPortal = FCD3A2022B15D7CD00B25595 /* Project object */;
			proxyType = 1;
			remoteGlobalIDString = FCD3A2092B15D7CD00B25595;
			remoteInfo = CustomTransition;
		};
		FCD3A22E2B15D7CE00B25595 /* PBXContainerItemProxy */ = {
			isa = PBXContainerItemProxy;
			containerPortal = FCD3A2022B15D7CD00B25595 /* Project object */;
			proxyType = 1;
			remoteGlobalIDString = FCD3A2092B15D7CD00B25595;
			remoteInfo = CustomTransition;
		};
/* End PBXContainerItemProxy section */

/* Begin PBXFileReference section */
		FC67B2722B16A583001F1233 /* PresentationHandler.swift */ = {isa = PBXFileReference; lastKnownFileType = sourcecode.swift; path = PresentationHandler.swift; sourceTree = "<group>"; };
		FC67B2742B16A59E001F1233 /* DismissalHandler.swift */ = {isa = PBXFileReference; lastKnownFileType = sourcecode.swift; path = DismissalHandler.swift; sourceTree = "<group>"; };
		FCD3A20A2B15D7CD00B25595 /* CustomTransition.app */ = {isa = PBXFileReference; explicitFileType = wrapper.application; includeInIndex = 0; path = CustomTransition.app; sourceTree = BUILT_PRODUCTS_DIR; };
		FCD3A20D2B15D7CD00B25595 /* AppDelegate.swift */ = {isa = PBXFileReference; lastKnownFileType = sourcecode.swift; path = AppDelegate.swift; sourceTree = "<group>"; };
		FCD3A20F2B15D7CD00B25595 /* SceneDelegate.swift */ = {isa = PBXFileReference; lastKnownFileType = sourcecode.swift; path = SceneDelegate.swift; sourceTree = "<group>"; };
		FCD3A2112B15D7CD00B25595 /* FromViewController.swift */ = {isa = PBXFileReference; lastKnownFileType = sourcecode.swift; path = FromViewController.swift; sourceTree = "<group>"; };
		FCD3A2172B15D7CD00B25595 /* CustomTransition.xcdatamodel */ = {isa = PBXFileReference; lastKnownFileType = wrapper.xcdatamodel; path = CustomTransition.xcdatamodel; sourceTree = "<group>"; };
		FCD3A2192B15D7CE00B25595 /* Assets.xcassets */ = {isa = PBXFileReference; lastKnownFileType = folder.assetcatalog; path = Assets.xcassets; sourceTree = "<group>"; };
		FCD3A21C2B15D7CE00B25595 /* Base */ = {isa = PBXFileReference; lastKnownFileType = file.storyboard; name = Base; path = Base.lproj/LaunchScreen.storyboard; sourceTree = "<group>"; };
		FCD3A21E2B15D7CE00B25595 /* Info.plist */ = {isa = PBXFileReference; lastKnownFileType = text.plist.xml; path = Info.plist; sourceTree = "<group>"; };
		FCD3A2232B15D7CE00B25595 /* CustomTransitionTests.xctest */ = {isa = PBXFileReference; explicitFileType = wrapper.cfbundle; includeInIndex = 0; path = CustomTransitionTests.xctest; sourceTree = BUILT_PRODUCTS_DIR; };
		FCD3A2272B15D7CE00B25595 /* CustomTransitionTests.swift */ = {isa = PBXFileReference; lastKnownFileType = sourcecode.swift; path = CustomTransitionTests.swift; sourceTree = "<group>"; };
		FCD3A22D2B15D7CE00B25595 /* CustomTransitionUITests.xctest */ = {isa = PBXFileReference; explicitFileType = wrapper.cfbundle; includeInIndex = 0; path = CustomTransitionUITests.xctest; sourceTree = BUILT_PRODUCTS_DIR; };
		FCD3A2312B15D7CE00B25595 /* CustomTransitionUITests.swift */ = {isa = PBXFileReference; lastKnownFileType = sourcecode.swift; path = CustomTransitionUITests.swift; sourceTree = "<group>"; };
		FCD3A2332B15D7CE00B25595 /* CustomTransitionUITestsLaunchTests.swift */ = {isa = PBXFileReference; lastKnownFileType = sourcecode.swift; path = CustomTransitionUITestsLaunchTests.swift; sourceTree = "<group>"; };
		FCD3A2402B15D81900B25595 /* ToViewController.swift */ = {isa = PBXFileReference; lastKnownFileType = sourcecode.swift; path = ToViewController.swift; sourceTree = "<group>"; };
		FCD3A2422B15DAEF00B25595 /* TransitioningManager.swift */ = {isa = PBXFileReference; lastKnownFileType = sourcecode.swift; path = TransitioningManager.swift; sourceTree = "<group>"; };
/* End PBXFileReference section */

/* Begin PBXFrameworksBuildPhase section */
		FCD3A2072B15D7CD00B25595 /* Frameworks */ = {
			isa = PBXFrameworksBuildPhase;
			buildActionMask = 2147483647;
			files = (
			);
			runOnlyForDeploymentPostprocessing = 0;
		};
		FCD3A2202B15D7CE00B25595 /* Frameworks */ = {
			isa = PBXFrameworksBuildPhase;
			buildActionMask = 2147483647;
			files = (
			);
			runOnlyForDeploymentPostprocessing = 0;
		};
		FCD3A22A2B15D7CE00B25595 /* Frameworks */ = {
			isa = PBXFrameworksBuildPhase;
			buildActionMask = 2147483647;
			files = (
			);
			runOnlyForDeploymentPostprocessing = 0;
		};
/* End PBXFrameworksBuildPhase section */

/* Begin PBXGroup section */
		FC67B2762B16A5B5001F1233 /* Custom Transition */ = {
			isa = PBXGroup;
			children = (
				FCD3A2422B15DAEF00B25595 /* TransitioningManager.swift */,
				FC67B2722B16A583001F1233 /* PresentationHandler.swift */,
				FC67B2742B16A59E001F1233 /* DismissalHandler.swift */,
			);
			path = "Custom Transition";
			sourceTree = "<group>";
		};
		FC67B2772B16A5CA001F1233 /* ViewController */ = {
			isa = PBXGroup;
			children = (
				FCD3A2112B15D7CD00B25595 /* FromViewController.swift */,
				FCD3A2402B15D81900B25595 /* ToViewController.swift */,
			);
			path = ViewController;
			sourceTree = "<group>";
		};
		FCD3A2012B15D7CD00B25595 = {
			isa = PBXGroup;
			children = (
				FCD3A20C2B15D7CD00B25595 /* CustomTransition */,
				FCD3A2262B15D7CE00B25595 /* CustomTransitionTests */,
				FCD3A2302B15D7CE00B25595 /* CustomTransitionUITests */,
				FCD3A20B2B15D7CD00B25595 /* Products */,
			);
			sourceTree = "<group>";
		};
		FCD3A20B2B15D7CD00B25595 /* Products */ = {
			isa = PBXGroup;
			children = (
				FCD3A20A2B15D7CD00B25595 /* CustomTransition.app */,
				FCD3A2232B15D7CE00B25595 /* CustomTransitionTests.xctest */,
				FCD3A22D2B15D7CE00B25595 /* CustomTransitionUITests.xctest */,
			);
			name = Products;
			sourceTree = "<group>";
		};
		FCD3A20C2B15D7CD00B25595 /* CustomTransition */ = {
			isa = PBXGroup;
			children = (
				FC67B2772B16A5CA001F1233 /* ViewController */,
				FC67B2762B16A5B5001F1233 /* Custom Transition */,
				FCD3A20D2B15D7CD00B25595 /* AppDelegate.swift */,
				FCD3A20F2B15D7CD00B25595 /* SceneDelegate.swift */,
				FCD3A2192B15D7CE00B25595 /* Assets.xcassets */,
				FCD3A21B2B15D7CE00B25595 /* LaunchScreen.storyboard */,
				FCD3A21E2B15D7CE00B25595 /* Info.plist */,
				FCD3A2162B15D7CD00B25595 /* CustomTransition.xcdatamodeld */,
			);
			path = CustomTransition;
			sourceTree = "<group>";
		};
		FCD3A2262B15D7CE00B25595 /* CustomTransitionTests */ = {
			isa = PBXGroup;
			children = (
				FCD3A2272B15D7CE00B25595 /* CustomTransitionTests.swift */,
			);
			path = CustomTransitionTests;
			sourceTree = "<group>";
		};
		FCD3A2302B15D7CE00B25595 /* CustomTransitionUITests */ = {
			isa = PBXGroup;
			children = (
				FCD3A2312B15D7CE00B25595 /* CustomTransitionUITests.swift */,
				FCD3A2332B15D7CE00B25595 /* CustomTransitionUITestsLaunchTests.swift */,
			);
			path = CustomTransitionUITests;
			sourceTree = "<group>";
		};
/* End PBXGroup section */

/* Begin PBXNativeTarget section */
		FCD3A2092B15D7CD00B25595 /* CustomTransition */ = {
			isa = PBXNativeTarget;
			buildConfigurationList = FCD3A2372B15D7CE00B25595 /* Build configuration list for PBXNativeTarget "CustomTransition" */;
			buildPhases = (
				FCD3A2062B15D7CD00B25595 /* Sources */,
				FCD3A2072B15D7CD00B25595 /* Frameworks */,
				FCD3A2082B15D7CD00B25595 /* Resources */,
			);
			buildRules = (
			);
			dependencies = (
			);
			name = CustomTransition;
			productName = CustomTransition;
			productReference = FCD3A20A2B15D7CD00B25595 /* CustomTransition.app */;
			productType = "com.apple.product-type.application";
		};
		FCD3A2222B15D7CE00B25595 /* CustomTransitionTests */ = {
			isa = PBXNativeTarget;
			buildConfigurationList = FCD3A23A2B15D7CE00B25595 /* Build configuration list for PBXNativeTarget "CustomTransitionTests" */;
			buildPhases = (
				FCD3A21F2B15D7CE00B25595 /* Sources */,
				FCD3A2202B15D7CE00B25595 /* Frameworks */,
				FCD3A2212B15D7CE00B25595 /* Resources */,
			);
			buildRules = (
			);
			dependencies = (
				FCD3A2252B15D7CE00B25595 /* PBXTargetDependency */,
			);
			name = CustomTransitionTests;
			productName = CustomTransitionTests;
			productReference = FCD3A2232B15D7CE00B25595 /* CustomTransitionTests.xctest */;
			productType = "com.apple.product-type.bundle.unit-test";
		};
		FCD3A22C2B15D7CE00B25595 /* CustomTransitionUITests */ = {
			isa = PBXNativeTarget;
			buildConfigurationList = FCD3A23D2B15D7CE00B25595 /* Build configuration list for PBXNativeTarget "CustomTransitionUITests" */;
			buildPhases = (
				FCD3A2292B15D7CE00B25595 /* Sources */,
				FCD3A22A2B15D7CE00B25595 /* Frameworks */,
				FCD3A22B2B15D7CE00B25595 /* Resources */,
			);
			buildRules = (
			);
			dependencies = (
				FCD3A22F2B15D7CE00B25595 /* PBXTargetDependency */,
			);
			name = CustomTransitionUITests;
			productName = CustomTransitionUITests;
			productReference = FCD3A22D2B15D7CE00B25595 /* CustomTransitionUITests.xctest */;
			productType = "com.apple.product-type.bundle.ui-testing";
		};
/* End PBXNativeTarget section */

/* Begin PBXProject section */
		FCD3A2022B15D7CD00B25595 /* Project object */ = {
			isa = PBXProject;
			attributes = {
				BuildIndependentTargetsInParallel = 1;
				LastSwiftUpdateCheck = 1500;
				LastUpgradeCheck = 1500;
				TargetAttributes = {
					FCD3A2092B15D7CD00B25595 = {
						CreatedOnToolsVersion = 15.0;
					};
					FCD3A2222B15D7CE00B25595 = {
						CreatedOnToolsVersion = 15.0;
						TestTargetID = FCD3A2092B15D7CD00B25595;
					};
					FCD3A22C2B15D7CE00B25595 = {
						CreatedOnToolsVersion = 15.0;
						TestTargetID = FCD3A2092B15D7CD00B25595;
					};
				};
			};
			buildConfigurationList = FCD3A2052B15D7CD00B25595 /* Build configuration list for PBXProject "CustomTransition" */;
			compatibilityVersion = "Xcode 14.0";
			developmentRegion = en;
			hasScannedForEncodings = 0;
			knownRegions = (
				en,
				Base,
			);
			mainGroup = FCD3A2012B15D7CD00B25595;
			productRefGroup = FCD3A20B2B15D7CD00B25595 /* Products */;
			projectDirPath = "";
			projectRoot = "";
			targets = (
				FCD3A2092B15D7CD00B25595 /* CustomTransition */,
				FCD3A2222B15D7CE00B25595 /* CustomTransitionTests */,
				FCD3A22C2B15D7CE00B25595 /* CustomTransitionUITests */,
			);
		};
/* End PBXProject section */

/* Begin PBXResourcesBuildPhase section */
		FCD3A2082B15D7CD00B25595 /* Resources */ = {
			isa = PBXResourcesBuildPhase;
			buildActionMask = 2147483647;
			files = (
				FCD3A21D2B15D7CE00B25595 /* LaunchScreen.storyboard in Resources */,
				FCD3A21A2B15D7CE00B25595 /* Assets.xcassets in Resources */,
			);
			runOnlyForDeploymentPostprocessing = 0;
		};
		FCD3A2212B15D7CE00B25595 /* Resources */ = {
			isa = PBXResourcesBuildPhase;
			buildActionMask = 2147483647;
			files = (
			);
			runOnlyForDeploymentPostprocessing = 0;
		};
		FCD3A22B2B15D7CE00B25595 /* Resources */ = {
			isa = PBXResourcesBuildPhase;
			buildActionMask = 2147483647;
			files = (
			);
			runOnlyForDeploymentPostprocessing = 0;
		};
/* End PBXResourcesBuildPhase section */

/* Begin PBXSourcesBuildPhase section */
		FCD3A2062B15D7CD00B25595 /* Sources */ = {
			isa = PBXSourcesBuildPhase;
			buildActionMask = 2147483647;
			files = (
				FC67B2752B16A59E001F1233 /* DismissalHandler.swift in Sources */,
				FCD3A2122B15D7CD00B25595 /* FromViewController.swift in Sources */,
				FC67B2732B16A583001F1233 /* PresentationHandler.swift in Sources */,
				FCD3A20E2B15D7CD00B25595 /* AppDelegate.swift in Sources */,
				FCD3A2102B15D7CD00B25595 /* SceneDelegate.swift in Sources */,
				FCD3A2412B15D81900B25595 /* ToViewController.swift in Sources */,
				FCD3A2182B15D7CD00B25595 /* CustomTransition.xcdatamodeld in Sources */,
				FCD3A2432B15DAEF00B25595 /* TransitioningManager.swift in Sources */,
			);
			runOnlyForDeploymentPostprocessing = 0;
		};
		FCD3A21F2B15D7CE00B25595 /* Sources */ = {
			isa = PBXSourcesBuildPhase;
			buildActionMask = 2147483647;
			files = (
				FCD3A2282B15D7CE00B25595 /* CustomTransitionTests.swift in Sources */,
			);
			runOnlyForDeploymentPostprocessing = 0;
		};
		FCD3A2292B15D7CE00B25595 /* Sources */ = {
			isa = PBXSourcesBuildPhase;
			buildActionMask = 2147483647;
			files = (
				FCD3A2342B15D7CE00B25595 /* CustomTransitionUITestsLaunchTests.swift in Sources */,
				FCD3A2322B15D7CE00B25595 /* CustomTransitionUITests.swift in Sources */,
			);
			runOnlyForDeploymentPostprocessing = 0;
		};
/* End PBXSourcesBuildPhase section */

/* Begin PBXTargetDependency section */
		FCD3A2252B15D7CE00B25595 /* PBXTargetDependency */ = {
			isa = PBXTargetDependency;
			target = FCD3A2092B15D7CD00B25595 /* CustomTransition */;
			targetProxy = FCD3A2242B15D7CE00B25595 /* PBXContainerItemProxy */;
		};
		FCD3A22F2B15D7CE00B25595 /* PBXTargetDependency */ = {
			isa = PBXTargetDependency;
			target = FCD3A2092B15D7CD00B25595 /* CustomTransition */;
			targetProxy = FCD3A22E2B15D7CE00B25595 /* PBXContainerItemProxy */;
		};
/* End PBXTargetDependency section */

/* Begin PBXVariantGroup section */
		FCD3A21B2B15D7CE00B25595 /* LaunchScreen.storyboard */ = {
			isa = PBXVariantGroup;
			children = (
				FCD3A21C2B15D7CE00B25595 /* Base */,
			);
			name = LaunchScreen.storyboard;
			sourceTree = "<group>";
		};
/* End PBXVariantGroup section */

/* Begin XCBuildConfiguration section */
		FCD3A2352B15D7CE00B25595 /* Debug */ = {
			isa = XCBuildConfiguration;
			buildSettings = {
				ALWAYS_SEARCH_USER_PATHS = NO;
				ASSETCATALOG_COMPILER_GENERATE_SWIFT_ASSET_SYMBOL_EXTENSIONS = YES;
				CLANG_ANALYZER_NONNULL = YES;
				CLANG_ANALYZER_NUMBER_OBJECT_CONVERSION = YES_AGGRESSIVE;
				CLANG_CXX_LANGUAGE_STANDARD = "gnu++20";
				CLANG_ENABLE_MODULES = YES;
				CLANG_ENABLE_OBJC_ARC = YES;
				CLANG_ENABLE_OBJC_WEAK = YES;
				CLANG_WARN_BLOCK_CAPTURE_AUTORELEASING = YES;
				CLANG_WARN_BOOL_CONVERSION = YES;
				CLANG_WARN_COMMA = YES;
				CLANG_WARN_CONSTANT_CONVERSION = YES;
				CLANG_WARN_DEPRECATED_OBJC_IMPLEMENTATIONS = YES;
				CLANG_WARN_DIRECT_OBJC_ISA_USAGE = YES_ERROR;
				CLANG_WARN_DOCUMENTATION_COMMENTS = YES;
				CLANG_WARN_EMPTY_BODY = YES;
				CLANG_WARN_ENUM_CONVERSION = YES;
				CLANG_WARN_INFINITE_RECURSION = YES;
				CLANG_WARN_INT_CONVERSION = YES;
				CLANG_WARN_NON_LITERAL_NULL_CONVERSION = YES;
				CLANG_WARN_OBJC_IMPLICIT_RETAIN_SELF = YES;
				CLANG_WARN_OBJC_LITERAL_CONVERSION = YES;
				CLANG_WARN_OBJC_ROOT_CLASS = YES_ERROR;
				CLANG_WARN_QUOTED_INCLUDE_IN_FRAMEWORK_HEADER = YES;
				CLANG_WARN_RANGE_LOOP_ANALYSIS = YES;
				CLANG_WARN_STRICT_PROTOTYPES = YES;
				CLANG_WARN_SUSPICIOUS_MOVE = YES;
				CLANG_WARN_UNGUARDED_AVAILABILITY = YES_AGGRESSIVE;
				CLANG_WARN_UNREACHABLE_CODE = YES;
				CLANG_WARN__DUPLICATE_METHOD_MATCH = YES;
				COPY_PHASE_STRIP = NO;
				DEBUG_INFORMATION_FORMAT = dwarf;
				ENABLE_STRICT_OBJC_MSGSEND = YES;
				ENABLE_TESTABILITY = YES;
				ENABLE_USER_SCRIPT_SANDBOXING = YES;
				GCC_C_LANGUAGE_STANDARD = gnu17;
				GCC_DYNAMIC_NO_PIC = NO;
				GCC_NO_COMMON_BLOCKS = YES;
				GCC_OPTIMIZATION_LEVEL = 0;
				GCC_PREPROCESSOR_DEFINITIONS = (
					"DEBUG=1",
					"$(inherited)",
				);
				GCC_WARN_64_TO_32_BIT_CONVERSION = YES;
				GCC_WARN_ABOUT_RETURN_TYPE = YES_ERROR;
				GCC_WARN_UNDECLARED_SELECTOR = YES;
				GCC_WARN_UNINITIALIZED_AUTOS = YES_AGGRESSIVE;
				GCC_WARN_UNUSED_FUNCTION = YES;
				GCC_WARN_UNUSED_VARIABLE = YES;
				IPHONEOS_DEPLOYMENT_TARGET = 17.0;
				LOCALIZATION_PREFERS_STRING_CATALOGS = YES;
				MTL_ENABLE_DEBUG_INFO = INCLUDE_SOURCE;
				MTL_FAST_MATH = YES;
				ONLY_ACTIVE_ARCH = YES;
				SDKROOT = iphoneos;
				SWIFT_ACTIVE_COMPILATION_CONDITIONS = "DEBUG $(inherited)";
				SWIFT_OPTIMIZATION_LEVEL = "-Onone";
			};
			name = Debug;
		};
		FCD3A2362B15D7CE00B25595 /* Release */ = {
			isa = XCBuildConfiguration;
			buildSettings = {
				ALWAYS_SEARCH_USER_PATHS = NO;
				ASSETCATALOG_COMPILER_GENERATE_SWIFT_ASSET_SYMBOL_EXTENSIONS = YES;
				CLANG_ANALYZER_NONNULL = YES;
				CLANG_ANALYZER_NUMBER_OBJECT_CONVERSION = YES_AGGRESSIVE;
				CLANG_CXX_LANGUAGE_STANDARD = "gnu++20";
				CLANG_ENABLE_MODULES = YES;
				CLANG_ENABLE_OBJC_ARC = YES;
				CLANG_ENABLE_OBJC_WEAK = YES;
				CLANG_WARN_BLOCK_CAPTURE_AUTORELEASING = YES;
				CLANG_WARN_BOOL_CONVERSION = YES;
				CLANG_WARN_COMMA = YES;
				CLANG_WARN_CONSTANT_CONVERSION = YES;
				CLANG_WARN_DEPRECATED_OBJC_IMPLEMENTATIONS = YES;
				CLANG_WARN_DIRECT_OBJC_ISA_USAGE = YES_ERROR;
				CLANG_WARN_DOCUMENTATION_COMMENTS = YES;
				CLANG_WARN_EMPTY_BODY = YES;
				CLANG_WARN_ENUM_CONVERSION = YES;
				CLANG_WARN_INFINITE_RECURSION = YES;
				CLANG_WARN_INT_CONVERSION = YES;
				CLANG_WARN_NON_LITERAL_NULL_CONVERSION = YES;
				CLANG_WARN_OBJC_IMPLICIT_RETAIN_SELF = YES;
				CLANG_WARN_OBJC_LITERAL_CONVERSION = YES;
				CLANG_WARN_OBJC_ROOT_CLASS = YES_ERROR;
				CLANG_WARN_QUOTED_INCLUDE_IN_FRAMEWORK_HEADER = YES;
				CLANG_WARN_RANGE_LOOP_ANALYSIS = YES;
				CLANG_WARN_STRICT_PROTOTYPES = YES;
				CLANG_WARN_SUSPICIOUS_MOVE = YES;
				CLANG_WARN_UNGUARDED_AVAILABILITY = YES_AGGRESSIVE;
				CLANG_WARN_UNREACHABLE_CODE = YES;
				CLANG_WARN__DUPLICATE_METHOD_MATCH = YES;
				COPY_PHASE_STRIP = NO;
				DEBUG_INFORMATION_FORMAT = "dwarf-with-dsym";
				ENABLE_NS_ASSERTIONS = NO;
				ENABLE_STRICT_OBJC_MSGSEND = YES;
				ENABLE_USER_SCRIPT_SANDBOXING = YES;
				GCC_C_LANGUAGE_STANDARD = gnu17;
				GCC_NO_COMMON_BLOCKS = YES;
				GCC_WARN_64_TO_32_BIT_CONVERSION = YES;
				GCC_WARN_ABOUT_RETURN_TYPE = YES_ERROR;
				GCC_WARN_UNDECLARED_SELECTOR = YES;
				GCC_WARN_UNINITIALIZED_AUTOS = YES_AGGRESSIVE;
				GCC_WARN_UNUSED_FUNCTION = YES;
				GCC_WARN_UNUSED_VARIABLE = YES;
				IPHONEOS_DEPLOYMENT_TARGET = 17.0;
				LOCALIZATION_PREFERS_STRING_CATALOGS = YES;
				MTL_ENABLE_DEBUG_INFO = NO;
				MTL_FAST_MATH = YES;
				SDKROOT = iphoneos;
				SWIFT_COMPILATION_MODE = wholemodule;
				VALIDATE_PRODUCT = YES;
			};
			name = Release;
		};
		FCD3A2382B15D7CE00B25595 /* Debug */ = {
			isa = XCBuildConfiguration;
			buildSettings = {
				ASSETCATALOG_COMPILER_APPICON_NAME = AppIcon;
				ASSETCATALOG_COMPILER_GLOBAL_ACCENT_COLOR_NAME = AccentColor;
				CODE_SIGN_STYLE = Automatic;
				CURRENT_PROJECT_VERSION = 1;
				DEVELOPMENT_TEAM = J286DXAZ52;
				GENERATE_INFOPLIST_FILE = YES;
				INFOPLIST_FILE = CustomTransition/Info.plist;
				INFOPLIST_KEY_UIApplicationSupportsIndirectInputEvents = YES;
				INFOPLIST_KEY_UILaunchStoryboardName = LaunchScreen;
				INFOPLIST_KEY_UISupportedInterfaceOrientations_iPad = "UIInterfaceOrientationPortrait UIInterfaceOrientationPortraitUpsideDown UIInterfaceOrientationLandscapeLeft UIInterfaceOrientationLandscapeRight";
				INFOPLIST_KEY_UISupportedInterfaceOrientations_iPhone = "UIInterfaceOrientationPortrait UIInterfaceOrientationLandscapeLeft UIInterfaceOrientationLandscapeRight";
				LD_RUNPATH_SEARCH_PATHS = (
					"$(inherited)",
					"@executable_path/Frameworks",
				);
				MARKETING_VERSION = 1.0;
				PRODUCT_BUNDLE_IDENTIFIER = test.CustomTransition;
				PRODUCT_NAME = "$(TARGET_NAME)";
				SWIFT_EMIT_LOC_STRINGS = YES;
				SWIFT_VERSION = 5.0;
				TARGETED_DEVICE_FAMILY = "1,2";
			};
			name = Debug;
		};
		FCD3A2392B15D7CE00B25595 /* Release */ = {
			isa = XCBuildConfiguration;
			buildSettings = {
				ASSETCATALOG_COMPILER_APPICON_NAME = AppIcon;
				ASSETCATALOG_COMPILER_GLOBAL_ACCENT_COLOR_NAME = AccentColor;
				CODE_SIGN_STYLE = Automatic;
				CURRENT_PROJECT_VERSION = 1;
				DEVELOPMENT_TEAM = J286DXAZ52;
				GENERATE_INFOPLIST_FILE = YES;
				INFOPLIST_FILE = CustomTransition/Info.plist;
				INFOPLIST_KEY_UIApplicationSupportsIndirectInputEvents = YES;
				INFOPLIST_KEY_UILaunchStoryboardName = LaunchScreen;
				INFOPLIST_KEY_UISupportedInterfaceOrientations_iPad = "UIInterfaceOrientationPortrait UIInterfaceOrientationPortraitUpsideDown UIInterfaceOrientationLandscapeLeft UIInterfaceOrientationLandscapeRight";
				INFOPLIST_KEY_UISupportedInterfaceOrientations_iPhone = "UIInterfaceOrientationPortrait UIInterfaceOrientationLandscapeLeft UIInterfaceOrientationLandscapeRight";
				LD_RUNPATH_SEARCH_PATHS = (
					"$(inherited)",
					"@executable_path/Frameworks",
				);
				MARKETING_VERSION = 1.0;
				PRODUCT_BUNDLE_IDENTIFIER = test.CustomTransition;
				PRODUCT_NAME = "$(TARGET_NAME)";
				SWIFT_EMIT_LOC_STRINGS = YES;
				SWIFT_VERSION = 5.0;
				TARGETED_DEVICE_FAMILY = "1,2";
			};
			name = Release;
		};
		FCD3A23B2B15D7CE00B25595 /* Debug */ = {
			isa = XCBuildConfiguration;
			buildSettings = {
				ALWAYS_EMBED_SWIFT_STANDARD_LIBRARIES = YES;
				BUNDLE_LOADER = "$(TEST_HOST)";
				CODE_SIGN_STYLE = Automatic;
				CURRENT_PROJECT_VERSION = 1;
				DEVELOPMENT_TEAM = J286DXAZ52;
				GENERATE_INFOPLIST_FILE = YES;
				IPHONEOS_DEPLOYMENT_TARGET = 17.0;
				MARKETING_VERSION = 1.0;
				PRODUCT_BUNDLE_IDENTIFIER = test.CustomTransitionTests;
				PRODUCT_NAME = "$(TARGET_NAME)";
				SWIFT_EMIT_LOC_STRINGS = NO;
				SWIFT_VERSION = 5.0;
				TARGETED_DEVICE_FAMILY = "1,2";
				TEST_HOST = "$(BUILT_PRODUCTS_DIR)/CustomTransition.app/$(BUNDLE_EXECUTABLE_FOLDER_PATH)/CustomTransition";
			};
			name = Debug;
		};
		FCD3A23C2B15D7CE00B25595 /* Release */ = {
			isa = XCBuildConfiguration;
			buildSettings = {
				ALWAYS_EMBED_SWIFT_STANDARD_LIBRARIES = YES;
				BUNDLE_LOADER = "$(TEST_HOST)";
				CODE_SIGN_STYLE = Automatic;
				CURRENT_PROJECT_VERSION = 1;
				DEVELOPMENT_TEAM = J286DXAZ52;
				GENERATE_INFOPLIST_FILE = YES;
				IPHONEOS_DEPLOYMENT_TARGET = 17.0;
				MARKETING_VERSION = 1.0;
				PRODUCT_BUNDLE_IDENTIFIER = test.CustomTransitionTests;
				PRODUCT_NAME = "$(TARGET_NAME)";
				SWIFT_EMIT_LOC_STRINGS = NO;
				SWIFT_VERSION = 5.0;
				TARGETED_DEVICE_FAMILY = "1,2";
				TEST_HOST = "$(BUILT_PRODUCTS_DIR)/CustomTransition.app/$(BUNDLE_EXECUTABLE_FOLDER_PATH)/CustomTransition";
			};
			name = Release;
		};
		FCD3A23E2B15D7CE00B25595 /* Debug */ = {
			isa = XCBuildConfiguration;
			buildSettings = {
				ALWAYS_EMBED_SWIFT_STANDARD_LIBRARIES = YES;
				CODE_SIGN_STYLE = Automatic;
				CURRENT_PROJECT_VERSION = 1;
				DEVELOPMENT_TEAM = J286DXAZ52;
				GENERATE_INFOPLIST_FILE = YES;
				MARKETING_VERSION = 1.0;
				PRODUCT_BUNDLE_IDENTIFIER = test.CustomTransitionUITests;
				PRODUCT_NAME = "$(TARGET_NAME)";
				SWIFT_EMIT_LOC_STRINGS = NO;
				SWIFT_VERSION = 5.0;
				TARGETED_DEVICE_FAMILY = "1,2";
				TEST_TARGET_NAME = CustomTransition;
			};
			name = Debug;
		};
		FCD3A23F2B15D7CE00B25595 /* Release */ = {
			isa = XCBuildConfiguration;
			buildSettings = {
				ALWAYS_EMBED_SWIFT_STANDARD_LIBRARIES = YES;
				CODE_SIGN_STYLE = Automatic;
				CURRENT_PROJECT_VERSION = 1;
				DEVELOPMENT_TEAM = J286DXAZ52;
				GENERATE_INFOPLIST_FILE = YES;
				MARKETING_VERSION = 1.0;
				PRODUCT_BUNDLE_IDENTIFIER = test.CustomTransitionUITests;
				PRODUCT_NAME = "$(TARGET_NAME)";
				SWIFT_EMIT_LOC_STRINGS = NO;
				SWIFT_VERSION = 5.0;
				TARGETED_DEVICE_FAMILY = "1,2";
				TEST_TARGET_NAME = CustomTransition;
			};
			name = Release;
		};
/* End XCBuildConfiguration section */

/* Begin XCConfigurationList section */
		FCD3A2052B15D7CD00B25595 /* Build configuration list for PBXProject "CustomTransition" */ = {
			isa = XCConfigurationList;
			buildConfigurations = (
				FCD3A2352B15D7CE00B25595 /* Debug */,
				FCD3A2362B15D7CE00B25595 /* Release */,
			);
			defaultConfigurationIsVisible = 0;
			defaultConfigurationName = Release;
		};
		FCD3A2372B15D7CE00B25595 /* Build configuration list for PBXNativeTarget "CustomTransition" */ = {
			isa = XCConfigurationList;
			buildConfigurations = (
				FCD3A2382B15D7CE00B25595 /* Debug */,
				FCD3A2392B15D7CE00B25595 /* Release */,
			);
			defaultConfigurationIsVisible = 0;
			defaultConfigurationName = Release;
		};
		FCD3A23A2B15D7CE00B25595 /* Build configuration list for PBXNativeTarget "CustomTransitionTests" */ = {
			isa = XCConfigurationList;
			buildConfigurations = (
				FCD3A23B2B15D7CE00B25595 /* Debug */,
				FCD3A23C2B15D7CE00B25595 /* Release */,
			);
			defaultConfigurationIsVisible = 0;
			defaultConfigurationName = Release;
		};
		FCD3A23D2B15D7CE00B25595 /* Build configuration list for PBXNativeTarget "CustomTransitionUITests" */ = {
			isa = XCConfigurationList;
			buildConfigurations = (
				FCD3A23E2B15D7CE00B25595 /* Debug */,
				FCD3A23F2B15D7CE00B25595 /* Release */,
			);
			defaultConfigurationIsVisible = 0;
			defaultConfigurationName = Release;
		};
/* End XCConfigurationList section */

/* Begin XCVersionGroup section */
		FCD3A2162B15D7CD00B25595 /* CustomTransition.xcdatamodeld */ = {
			isa = XCVersionGroup;
			children = (
				FCD3A2172B15D7CD00B25595 /* CustomTransition.xcdatamodel */,
			);
			currentVersion = FCD3A2172B15D7CD00B25595 /* CustomTransition.xcdatamodel */;
			path = CustomTransition.xcdatamodeld;
			sourceTree = "<group>";
			versionGroupType = wrapper.xcdatamodel;
		};
/* End XCVersionGroup section */
	};
	rootObject = FCD3A2022B15D7CD00B25595 /* Project object */;
}
